// !$*UTF8*$!
{
	archiveVersion = 1;
	classes = {
	};
	objectVersion = 46;
	objects = {

/* Begin PBXBuildFile section */
		C9A87FC21C736E4B00C0336C /* main.m in Sources */ = {isa = PBXBuildFile; fileRef = C9A87FC11C736E4B00C0336C /* main.m */; };
		C9A87FCA1C736EC000C0336C /* NSImage+Scaling.m in Sources */ = {isa = PBXBuildFile; fileRef = C9A87FC91C736EC000C0336C /* NSImage+Scaling.m */; };
/* End PBXBuildFile section */

/* Begin PBXCopyFilesBuildPhase section */
		C9A87FBC1C736E4B00C0336C /* CopyFiles */ = {
			isa = PBXCopyFilesBuildPhase;
			buildActionMask = 2147483647;
			dstPath = /usr/share/man/man1/;
			dstSubfolderSpec = 0;
			files = (
			);
			runOnlyForDeploymentPostprocessing = 1;
		};
/* End PBXCopyFilesBuildPhase section */

/* Begin PBXFileReference section */
		C9A87FBE1C736E4B00C0336C /* mgicon */ = {isa = PBXFileReference; explicitFileType = "compiled.mach-o.executable"; includeInIndex = 0; path = mgicon; sourceTree = BUILT_PRODUCTS_DIR; };
		C9A87FC11C736E4B00C0336C /* main.m */ = {isa = PBXFileReference; lastKnownFileType = sourcecode.c.objc; path = main.m; sourceTree = "<group>"; };
		C9A87FC81C736EC000C0336C /* NSImage+Scaling.h */ = {isa = PBXFileReference; fileEncoding = 4; lastKnownFileType = sourcecode.c.h; path = "NSImage+Scaling.h"; sourceTree = "<group>"; };
		C9A87FC91C736EC000C0336C /* NSImage+Scaling.m */ = {isa = PBXFileReference; fileEncoding = 4; lastKnownFileType = sourcecode.c.objc; path = "NSImage+Scaling.m"; sourceTree = "<group>"; };
/* End PBXFileReference section */

/* Begin PBXFrameworksBuildPhase section */
		C9A87FBB1C736E4B00C0336C /* Frameworks */ = {
			isa = PBXFrameworksBuildPhase;
			buildActionMask = 2147483647;
			files = (
			);
			runOnlyForDeploymentPostprocessing = 0;
		};
/* End PBXFrameworksBuildPhase section */

/* Begin PBXGroup section */
		C9A87FB51C736E4B00C0336C = {
			isa = PBXGroup;
			children = (
				C9A87FC01C736E4B00C0336C /* mgicon */,
				C9A87FBF1C736E4B00C0336C /* Products */,
			);
			sourceTree = "<group>";
		};
		C9A87FBF1C736E4B00C0336C /* Products */ = {
			isa = PBXGroup;
			children = (
				C9A87FBE1C736E4B00C0336C /* mgicon */,
			);
			name = Products;
			sourceTree = "<group>";
		};
		C9A87FC01C736E4B00C0336C /* mgicon */ = {
			isa = PBXGroup;
			children = (
				C9A87FC11C736E4B00C0336C /* main.m */,
				C9A87FC81C736EC000C0336C /* NSImage+Scaling.h */,
				C9A87FC91C736EC000C0336C /* NSImage+Scaling.m */,
			);
			path = mgicon;
			sourceTree = "<group>";
		};
/* End PBXGroup section */

/* Begin PBXNativeTarget section */
		C9A87FBD1C736E4B00C0336C /* mgicon */ = {
			isa = PBXNativeTarget;
			buildConfigurationList = C9A87FC51C736E4B00C0336C /* Build configuration list for PBXNativeTarget "mgicon" */;
			buildPhases = (
				C9A87FBA1C736E4B00C0336C /* Sources */,
				C9A87FBB1C736E4B00C0336C /* Frameworks */,
				C9A87FBC1C736E4B00C0336C /* CopyFiles */,
			);
			buildRules = (
			);
			dependencies = (
			);
			name = mgicon;
			productName = mgicon;
			productReference = C9A87FBE1C736E4B00C0336C /* mgicon */;
			productType = "com.apple.product-type.tool";
		};
/* End PBXNativeTarget section */

/* Begin PBXProject section */
		C9A87FB61C736E4B00C0336C /* Project object */ = {
			isa = PBXProject;
			attributes = {
				LastUpgradeCheck = 0720;
				ORGANIZATIONNAME = "Matt Gemmell";
				TargetAttributes = {
					C9A87FBD1C736E4B00C0336C = {
						CreatedOnToolsVersion = 7.2.1;
					};
				};
			};
			buildConfigurationList = C9A87FB91C736E4B00C0336C /* Build configuration list for PBXProject "mgicon" */;
			compatibilityVersion = "Xcode 3.2";
			developmentRegion = English;
			hasScannedForEncodings = 0;
			knownRegions = (
				en,
			);
			mainGroup = C9A87FB51C736E4B00C0336C;
			productRefGroup = C9A87FBF1C736E4B00C0336C /* Products */;
			projectDirPath = "";
			projectRoot = "";
			targets = (
				C9A87FBD1C736E4B00C0336C /* mgicon */,
			);
		};
/* End PBXProject section */

/* Begin PBXSourcesBuildPhase section */
		C9A87FBA1C736E4B00C0336C /* Sources */ = {
			isa = PBXSourcesBuildPhase;
			buildActionMask = 2147483647;
			files = (
				C9A87FCA1C736EC000C0336C /* NSImage+Scaling.m in Sources */,
				C9A87FC21C736E4B00C0336C /* main.m in Sources */,
			);
			runOnlyForDeploymentPostprocessing = 0;
		};
/* End PBXSourcesBuildPhase section */

/* Begin XCBuildConfiguration section */
		C9A87FC31C736E4B00C0336C /* Debug */ = {
			isa = XCBuildConfiguration;
			buildSettings = {
				ALWAYS_SEARCH_USER_PATHS = NO;
				CLANG_CXX_LANGUAGE_STANDARD = "gnu++0x";
				CLANG_CXX_LIBRARY = "libc++";
				CLANG_ENABLE_MODULES = YES;
				CLANG_ENABLE_OBJC_ARC = YES;
				CLANG_WARN_BOOL_CONVERSION = YES;
				CLANG_WARN_CONSTANT_CONVERSION = YES;
				CLANG_WARN_DIRECT_OBJC_ISA_USAGE = YES_ERROR;
				CLANG_WARN_EMPTY_BODY = YES;
				CLANG_WARN_ENUM_CONVERSION = YES;
				CLANG_WARN_INT_CONVERSION = YES;
				CLANG_WARN_OBJC_ROOT_CLASS = YES_ERROR;
				CLANG_WARN_UNREACHABLE_CODE = YES;
				CLANG_WARN__DUPLICATE_METHOD_MATCH = YES;
				CODE_SIGN_IDENTITY = "-";
				COPY_PHASE_STRIP = NO;
				DEBUG_INFORMATION_FORMAT = dwarf;
				ENABLE_STRICT_OBJC_MSGSEND = YES;
				ENABLE_TESTABILITY = YES;
				GCC_C_LANGUAGE_STANDARD = gnu99;
				GCC_DYNAMIC_NO_PIC = NO;
				GCC_NO_COMMON_BLOCKS = YES;
				GCC_OPTIMIZATION_LEVEL = 0;
				GCC_PREPROCESSOR_DEFINITIONS = (
					"DEBUG=1",
					"$(inherited)",
				);
				GCC_WARN_64_TO_32_BIT_CONVERSION = YES;
				GCC_WARN_ABOUT_RETURN_TYPE = YES_ERROR;
				GCC_WARN_UNDECLARED_SELECTOR = YES;
				GCC_WARN_UNINITIALIZED_AUTOS = YES_AGGRESSIVE;
				GCC_WARN_UNUSED_FUNCTION = YES;
				GCC_WARN_UNUSED_VARIABLE = YES;
				MACOSX_DEPLOYMENT_TARGET = 10.11;
				MTL_ENABLE_DEBUG_INFO = YES;
				ONLY_ACTIVE_ARCH = YES;
				SDKROOT = macosx;
			};
			name = Debug;
		};
		C9A87FC41C736E4B00C0336C /* Release */ = {
			isa = XCBuildConfiguration;
			buildSettings = {
				ALWAYS_SEARCH_USER_PATHS = NO;
				CLANG_CXX_LANGUAGE_STANDARD = "gnu++0x";
				CLANG_CXX_LIBRARY = "libc++";
				CLANG_ENABLE_MODULES = YES;
				CLANG_ENABLE_OBJC_ARC = YES;
				CLANG_WARN_BOOL_CONVERSION = YES;
				CLANG_WARN_CONSTANT_CONVERSION = YES;
				CLANG_WARN_DIRECT_OBJC_ISA_USAGE = YES_ERROR;
				CLANG_WARN_EMPTY_BODY = YES;
				CLANG_WARN_ENUM_CONVERSION = YES;
				CLANG_WARN_INT_CONVERSION = YES;
				CLANG_WARN_OBJC_ROOT_CLASS = YES_ERROR;
				CLANG_WARN_UNREACHABLE_CODE = YES;
				CLANG_WARN__DUPLICATE_METHOD_MATCH = YES;
				CODE_SIGN_IDENTITY = "-";
				COPY_PHASE_STRIP = NO;
				DEBUG_INFORMATION_FORMAT = "dwarf-with-dsym";
				ENABLE_NS_ASSERTIONS = NO;
				ENABLE_STRICT_OBJC_MSGSEND = YES;
				GCC_C_LANGUAGE_STANDARD = gnu99;
				GCC_NO_COMMON_BLOCKS = YES;
				GCC_WARN_64_TO_32_BIT_CONVERSION = YES;
				GCC_WARN_ABOUT_RETURN_TYPE = YES_ERROR;
				GCC_WARN_UNDECLARED_SELECTOR = YES;
				GCC_WARN_UNINITIALIZED_AUTOS = YES_AGGRESSIVE;
				GCC_WARN_UNUSED_FUNCTION = YES;
				GCC_WARN_UNUSED_VARIABLE = YES;
				MACOSX_DEPLOYMENT_TARGET = 10.11;
				MTL_ENABLE_DEBUG_INFO = NO;
				SDKROOT = macosx;
			};
			name = Release;
		};
		C9A87FC61C736E4B00C0336C /* Debug */ = {
			isa = XCBuildConfiguration;
			buildSettings = {
				PRODUCT_NAME = "$(TARGET_NAME)";
			};
			name = Debug;
		};
		C9A87FC71C736E4B00C0336C /* Release */ = {
			isa = XCBuildConfiguration;
			buildSettings = {
				PRODUCT_NAME = "$(TARGET_NAME)";
			};
			name = Release;
		};
/* End XCBuildConfiguration section */

/* Begin XCConfigurationList section */
		C9A87FB91C736E4B00C0336C /* Build configuration list for PBXProject "mgicon" */ = {
			isa = XCConfigurationList;
			buildConfigurations = (
				C9A87FC31C736E4B00C0336C /* Debug */,
				C9A87FC41C736E4B00C0336C /* Release */,
			);
			defaultConfigurationIsVisible = 0;
			defaultConfigurationName = Release;
		};
		C9A87FC51C736E4B00C0336C /* Build configuration list for PBXNativeTarget "mgicon" */ = {
			isa = XCConfigurationList;
			buildConfigurations = (
				C9A87FC61C736E4B00C0336C /* Debug */,
				C9A87FC71C736E4B00C0336C /* Release */,
			);
			defaultConfigurationIsVisible = 0;
		};
/* End XCConfigurationList section */
	};
	rootObject = C9A87FB61C736E4B00C0336C /* Project object */;
}
